
Microsoft Visual Studio Solution File, Format Version 12.00
# Visual Studio Version 16
VisualStudioVersion = 16.0.29905.134
MinimumVisualStudioVersion = 10.0.40219.1
Project("{2150E333-8FDC-42A3-9474-1A3956D46DE8}") = "1. 基础设置层", "1. 基础设置层", "{C6B09613-CC72-4D16-8056-1FD68ED86BF3}"
EndProject
Project("{2150E333-8FDC-42A3-9474-1A3956D46DE8}") = "01 Cache 数据缓存层", "01 Cache 数据缓存层", "{BBB63BC5-EBF2-4ED2-8804-7187223C3DF5}"
EndProject
Project("{2150E333-8FDC-42A3-9474-1A3956D46DE8}") = "2. 业务逻辑层", "2. 业务逻辑层", "{656B47C1-3922-4F0B-820E-00BA9BDB33B1}"
EndProject
Project("{2150E333-8FDC-42A3-9474-1A3956D46DE8}") = "3. Web应用层", "3. Web应用层", "{29DFF52B-8455-4EA1-8798-3AEE210D9372}"
EndProject
Project("{2150E333-8FDC-42A3-9474-1A3956D46DE8}") = "02 Util 实用工具", "02 Util 实用工具", "{5C21750D-4143-4749-9489-F739765F542D}"
EndProject
Project("{2150E333-8FDC-42A3-9474-1A3956D46DE8}") = "02 Models 实体层", "02 Models 实体层", "{1B8156EC-FC04-48C0-9904-8782705A2175}"
EndProject
Project("{2150E333-8FDC-42A3-9474-1A3956D46DE8}") = "01 Cache 应用缓存", "01 Cache 应用缓存", "{7A9CC7E1-9219-4F06-86E8-8A1942D9BB56}"
EndProject
Project("{2150E333-8FDC-42A3-9474-1A3956D46DE8}") = "03 Builder代码生成", "03 Builder代码生成", "{AAA06081-80F7-4A1B-9867-8869397B47F4}"
EndProject
Project("{FAE04EC0-301F-11D3-BF4B-00C04F79EFBC}") = "BSFramework.CodeGenerator", "BSFramework.CodeGenerator\BSFramework.CodeGenerator.csproj", "{6FAADC1C-DB04-4F65-9856-D989FC3B46C5}"
EndProject
Project("{2150E333-8FDC-42A3-9474-1A3956D46DE8}") = "4. 手机端应用", "4. 手机端应用", "{43E72B13-75A9-49A8-8D6B-56EB87F56DC8}"
EndProject
Project("{FAE04EC0-301F-11D3-BF4B-00C04F79EFBC}") = "BSFramework.Application.AppSerivce", "BSFramework.WebApp\BSFramework.Application.AppSerivce\BSFramework.Application.AppSerivce.csproj", "{EE57FF2E-C1A6-432C-BFD6-BFE10D17F735}"
EndProject
Project("{FAE04EC0-301F-11D3-BF4B-00C04F79EFBC}") = "BSFramework.Application.Web", "BSFramework.Application\BSFramework.Application.Web\BSFramework.Application.Web.csproj", "{1D8FC20B-427E-4D5F-813B-D3FF2D89A96C}"
EndProject
Project("{FAE04EC0-301F-11D3-BF4B-00C04F79EFBC}") = "BSFramework.Application.Code", "BSFramework.Application\BSFramework.Application.Code\BSFramework.Application.Code.csproj", "{9B10DB87-130C-41D3-8687-1FAC877DB74A}"
EndProject
Project("{FAE04EC0-301F-11D3-BF4B-00C04F79EFBC}") = "BSFramework.Application.Busines", "BSFramework.Application\BSFramework.Application.Busines\BSFramework.Application.Busines.csproj", "{21566527-8F54-4A8D-AA68-7662C2C31FB9}"
EndProject
Project("{FAE04EC0-301F-11D3-BF4B-00C04F79EFBC}") = "BSFramework.Application.IService", "BSFramework.Application\BSFramework.Application.IService\BSFramework.Application.IService.csproj", "{6CE11FF9-1CB7-494E-89C7-5F06BEA94211}"
EndProject
Project("{FAE04EC0-301F-11D3-BF4B-00C04F79EFBC}") = "BSFramework.Application.Service", "BSFramework.Application\BSFramework.Application.Service\BSFramework.Application.Service.csproj", "{D6B8ABEA-C923-4605-99A9-B7ACA5DE4D8A}"
EndProject
Project("{FAE04EC0-301F-11D3-BF4B-00C04F79EFBC}") = "BSFramework.Application.Mapping", "BSFramework.Application\BSFramework.Application.Mapping\BSFramework.Application.Mapping.csproj", "{42234E7A-B484-479D-B1C1-08A08A59C935}"
EndProject
Project("{FAE04EC0-301F-11D3-BF4B-00C04F79EFBC}") = "BSFramework.Application.Cache", "BSFramework.Application\BSFramework.Application.Cache\BSFramework.Application.Cache.csproj", "{73A55239-A22D-4AC9-B412-64EA83035A18}"
EndProject
Project("{FAE04EC0-301F-11D3-BF4B-00C04F79EFBC}") = "BSFramework.Util", "BSFramework.Util\BSFramework.Util\BSFramework.Util.csproj", "{07AA2566-D0E5-47AF-A17D-3B1C6AEE598D}"
EndProject
Project("{FAE04EC0-301F-11D3-BF4B-00C04F79EFBC}") = "BSFramework.Util.Extension", "BSFramework.Util\BSFramework.Util.Extension\BSFramework.Util.Extension.csproj", "{4B7DDE80-DFA1-4938-93F8-3721E2C592B9}"
EndProject
Project("{FAE04EC0-301F-11D3-BF4B-00C04F79EFBC}") = "BSFramework.Util.FlowWork", "BSFramework.Util\BSFramework.Util.FlowWork\BSFramework.Util.FlowWork.csproj", "{2DB6492A-3CDA-40CB-9BAB-51F00510B0C2}"
EndProject
Project("{FAE04EC0-301F-11D3-BF4B-00C04F79EFBC}") = "BSFramework.Util.Ioc", "BSFramework.Util\BSFramework.Util.Ioc\BSFramework.Util.Ioc.csproj", "{2A2611D5-0A19-4EAD-A57F-0D361DC92639}"
EndProject
Project("{FAE04EC0-301F-11D3-BF4B-00C04F79EFBC}") = "BSFramework.Util.Log", "BSFramework.Util\BSFramework.Util.Log\BSFramework.Util.Log.csproj", "{2EF55895-D7DD-42D6-8741-F8100E5C210F}"
EndProject
Project("{FAE04EC0-301F-11D3-BF4B-00C04F79EFBC}") = "BSFramework.Util.Offices", "BSFramework.Util\BSFramework.Util.Offices\BSFramework.Util.Offices.csproj", "{4F8B359E-B664-48C0-88D0-31C140602654}"
EndProject
Project("{FAE04EC0-301F-11D3-BF4B-00C04F79EFBC}") = "BSFramework.Util.WebControl", "BSFramework.Util\BSFramework.Util.WebControl\BSFramework.Util.WebControl.csproj", "{93F81DF7-5A0B-4A13-A90E-8CF7C41955C3}"
EndProject
Project("{FAE04EC0-301F-11D3-BF4B-00C04F79EFBC}") = "BSFramework.Util.WeChat", "BSFramework.Util\BSFramework.Util.WeChat\BSFramework.Util.WeChat.csproj", "{A610B831-7B6A-4E53-8C5D-9B3F0707E349}"
EndProject
Project("{FAE04EC0-301F-11D3-BF4B-00C04F79EFBC}") = "BSFramework.Cache", "BSFramework.Cache\BSFramework.Cache\BSFramework.Cache.csproj", "{5AF4997C-4395-48AF-990C-932259111DFF}"
EndProject
Project("{FAE04EC0-301F-11D3-BF4B-00C04F79EFBC}") = "BSFramework.Cache.Redis", "BSFramework.Cache\BSFramework.Cache.Redis\BSFramework.Cache.Redis.csproj", "{51E69AE3-A885-4A84-B71C-801A413C5F1C}"
EndProject
Project("{FAE04EC0-301F-11D3-BF4B-00C04F79EFBC}") = "BSFramework.Application.Entity", "BSFramework.Application\BSFramework.Application.Entity\BSFramework.Application.Entity.csproj", "{C10920FE-8C74-4993-A7F4-1DA189DA842C}"
EndProject
Project("{FAE04EC0-301F-11D3-BF4B-00C04F79EFBC}") = "BSFramework.Cache.Factory", "BSFramework.Cache\BSFramework.Cache.Factory\BSFramework.Cache.Factory.csproj", "{A68CDD21-2E12-4B11-95DB-D0A0FCED48B1}"
EndProject
Project("{FAE04EC0-301F-11D3-BF4B-00C04F79EFBC}") = "BSFrameWork.Application.AppInterface", "BSFramework.WebApp\BSFrameWork.Application.AppInterface\BSFrameWork.Application.AppInterface.csproj", "{B1565111-EBB0-4CD6-B30B-3F5C935B28B1}"
EndProject
Project("{2150E333-8FDC-42A3-9474-1A3956D46DE8}") = "5.客户端", "5.客户端", "{C1F8338C-AC20-49E3-975E-E310269043B8}"
EndProject
Project("{2150E333-8FDC-42A3-9474-1A3956D46DE8}") = "03 执行计划", "03 执行计划", "{BEE54728-D969-47E0-A687-EF82022AE060}"
EndProject
Project("{FAE04EC0-301F-11D3-BF4B-00C04F79EFBC}") = "Bst.Fx.Uploading", "Bst.Fx.Uploading\Bst.Fx.Uploading.csproj", "{256970D1-CB06-4A0E-B62A-404BE86DCF7C}"
EndProject
Project("{FAE04EC0-301F-11D3-BF4B-00C04F79EFBC}") = "Bst.Fx.IScheduler", "BSFramework.Application\Bst.Fx.IScheduler\Bst.Fx.IScheduler.csproj", "{656D5DA4-5F91-43B4-805E-F0D5948585AB}"
EndProject
Project("{FAE04EC0-301F-11D3-BF4B-00C04F79EFBC}") = "Bst.Fx.SchedulerEntities", "BSFramework.Application\Bst.Fx.SchedulerEntities\Bst.Fx.SchedulerEntities.csproj", "{3256D81B-82B6-4EAF-B4CF-01657C246DFE}"
EndProject
Project("{FAE04EC0-301F-11D3-BF4B-00C04F79EFBC}") = "Bst.Fx.Scheduler", "BSFramework.Application\Bst.Fx.Scheduler\Bst.Fx.Scheduler.csproj", "{4BD52814-96DD-4294-80A1-128222EAD095}"
EndProject
Project("{FAE04EC0-301F-11D3-BF4B-00C04F79EFBC}") = "ServiceHosting", "ServiceHosting\ServiceHosting.csproj", "{5221DD3D-D5FA-42B6-8932-87C9F3060FFE}"
EndProject
Project("{FAE04EC0-301F-11D3-BF4B-00C04F79EFBC}") = "Bst.ServiceContract.MessageQueue", "Bst.ServiceContract.MessageQueue\Bst.ServiceContract.MessageQueue.csproj", "{CB80A5FD-CEFC-43F6-8246-A51A2EE2C64B}"
EndProject
Project("{FAE04EC0-301F-11D3-BF4B-00C04F79EFBC}") = "Bst.ServiceEngine.MessageQueue", "Bst.ServiceEngine.MessageQueue\Bst.ServiceEngine.MessageQueue.csproj", "{42DB245B-EB7B-4BB6-90E6-DE91315F77F7}"
EndProject
Project("{FAE04EC0-301F-11D3-BF4B-00C04F79EFBC}") = "Bst.ServiceData.MessageQueue", "Bst.ServiceData.MessageQueue\Bst.ServiceData.MessageQueue.csproj", "{EF6A4F54-0131-48E7-81C4-B6D99D1313CD}"
EndProject
Project("{FAE04EC0-301F-11D3-BF4B-00C04F79EFBC}") = "Bst.Fx.ServiceBus", "Bst.Fx.ServiceBus\Bst.Fx.ServiceBus.csproj", "{7DC3B78A-3749-4E6C-955F-458966A2B246}"
EndProject
Project("{2150E333-8FDC-42A3-9474-1A3956D46DE8}") = "6.服务", "6.服务", "{6E855A29-64AB-4608-AE78-5B5BEB2672D1}"
EndProject
Project("{FAE04EC0-301F-11D3-BF4B-00C04F79EFBC}") = "Bst.Bzzd.DataSource", "Bst.Bzzd.DataSource\Bst.Bzzd.DataSource.csproj", "{0404B662-9130-473B-B472-2BCCB4D9A93A}"
EndProject
Project("{FAE04EC0-301F-11D3-BF4B-00C04F79EFBC}") = "Bst.Scheduler.Client", "Bst.Scheduler.Client\Bst.Scheduler.Client.csproj", "{DB7E1A90-D99E-483F-8D19-BD90746EB8C4}"
EndProject
Project("{FAE04EC0-301F-11D3-BF4B-00C04F79EFBC}") = "Bst.Bzzd.Sync", "Bst.Bzzd.Sync\Bst.Bzzd.Sync.csproj", "{B44759BA-5AC5-4CCD-A221-5A0110B36070}"
EndProject
Project("{2150E333-8FDC-42A3-9474-1A3956D46DE8}") = "04 消息待办", "04 消息待办", "{1217447C-22DB-46E2-AF0E-B6A5E833B1ED}"
EndProject
Project("{FAE04EC0-301F-11D3-BF4B-00C04F79EFBC}") = "Bst.Fx.IMessage", "Fx\Bst.Fx.IMessage\Bst.Fx.IMessage.csproj", "{E3C4CB8A-DFD1-4951-86D6-E001A7B72186}"
EndProject
Project("{FAE04EC0-301F-11D3-BF4B-00C04F79EFBC}") = "Bst.Fx.Message", "Fx\Bst.Fx.Message\Bst.Fx.Message.csproj", "{BB63A472-FA78-42A0-BDD3-64BCBB52EE30}"
EndProject
Project("{FAE04EC0-301F-11D3-BF4B-00C04F79EFBC}") = "Bst.Fx.MessageData", "Fx\Bst.Fx.MessageData\Bst.Fx.MessageData.csproj", "{7F9F5247-5FB9-4A45-8B7E-C3830895365A}"
EndProject
Project("{2150E333-8FDC-42A3-9474-1A3956D46DE8}") = "04 数据访问", "04 数据访问", "{4E8F7E8A-DE36-4143-8BF3-9109F377B78D}"
EndProject
Project("{FAE04EC0-301F-11D3-BF4B-00C04F79EFBC}") = "BSFramework.Data", "BSFramework.Util\BSFramework.Data\BSFramework.Data.csproj", "{528F308B-D2CD-4BD1-A94F-BF94ABEF08D7}"
EndProject
Project("{FAE04EC0-301F-11D3-BF4B-00C04F79EFBC}") = "BSFramework.Data.Dapper", "BSFramework.Util\BSFramework.Data.Dapper\BSFramework.Data.Dapper.csproj", "{F4E0FD13-CCD7-425E-AF02-FA270C283447}"
EndProject
Project("{FAE04EC0-301F-11D3-BF4B-00C04F79EFBC}") = "BSFramework.Data.EF", "BSFramework.Util\BSFramework.Data.EF\BSFramework.Data.EF.csproj", "{7C84F157-09B6-42D8-85F2-04AF1F31A046}"
EndProject
Project("{FAE04EC0-301F-11D3-BF4B-00C04F79EFBC}") = "BSFramework.Data.Repository", "BSFramework.Util\BSFramework.Data.Repository\BSFramework.Data.Repository.csproj", "{1751A2DD-0F00-4C76-B180-97E8F72FE078}"
EndProject
Project("{2150E333-8FDC-42A3-9474-1A3956D46DE8}") = "05 预警", "05 预警", "{0D1B0807-DE33-401E-BADC-03F37613E544}"
EndProject
Project("{FAE04EC0-301F-11D3-BF4B-00C04F79EFBC}") = "Bst.Fx.IWarning", "Fx\Bst.Fx.IWarning\Bst.Fx.IWarning.csproj", "{4CC0A37F-26EB-417C-9341-D26FE595E791}"
EndProject
Project("{FAE04EC0-301F-11D3-BF4B-00C04F79EFBC}") = "Bst.Fx.Warning", "Fx\Bst.Fx.Warning\Bst.Fx.Warning.csproj", "{235A2DBD-966A-4676-AF37-F8EC3876A361}"
EndProject
Project("{FAE04EC0-301F-11D3-BF4B-00C04F79EFBC}") = "Bst.Fx.WarningData", "Fx\Bst.Fx.WarningData\Bst.Fx.WarningData.csproj", "{A29D7012-6C11-4656-842A-60F5D4B97876}"
EndProject
Global
	GlobalSection(SolutionConfigurationPlatforms) = preSolution
		Debug|Any CPU = Debug|Any CPU
		Release|Any CPU = Release|Any CPU
	EndGlobalSection
	GlobalSection(ProjectConfigurationPlatforms) = postSolution
		{6FAADC1C-DB04-4F65-9856-D989FC3B46C5}.Debug|Any CPU.ActiveCfg = Debug|Any CPU
		{6FAADC1C-DB04-4F65-9856-D989FC3B46C5}.Debug|Any CPU.Build.0 = Debug|Any CPU
		{6FAADC1C-DB04-4F65-9856-D989FC3B46C5}.Release|Any CPU.ActiveCfg = Release|Any CPU
		{6FAADC1C-DB04-4F65-9856-D989FC3B46C5}.Release|Any CPU.Build.0 = Release|Any CPU
		{EE57FF2E-C1A6-432C-BFD6-BFE10D17F735}.Debug|Any CPU.ActiveCfg = Debug|Any CPU
		{EE57FF2E-C1A6-432C-BFD6-BFE10D17F735}.Debug|Any CPU.Build.0 = Debug|Any CPU
		{EE57FF2E-C1A6-432C-BFD6-BFE10D17F735}.Release|Any CPU.ActiveCfg = Release|Any CPU
		{EE57FF2E-C1A6-432C-BFD6-BFE10D17F735}.Release|Any CPU.Build.0 = Release|Any CPU
		{1D8FC20B-427E-4D5F-813B-D3FF2D89A96C}.Debug|Any CPU.ActiveCfg = Debug|Any CPU
		{1D8FC20B-427E-4D5F-813B-D3FF2D89A96C}.Debug|Any CPU.Build.0 = Debug|Any CPU
		{1D8FC20B-427E-4D5F-813B-D3FF2D89A96C}.Release|Any CPU.ActiveCfg = Release|Any CPU
		{1D8FC20B-427E-4D5F-813B-D3FF2D89A96C}.Release|Any CPU.Build.0 = Release|Any CPU
		{9B10DB87-130C-41D3-8687-1FAC877DB74A}.Debug|Any CPU.ActiveCfg = Debug|Any CPU
		{9B10DB87-130C-41D3-8687-1FAC877DB74A}.Debug|Any CPU.Build.0 = Debug|Any CPU
		{9B10DB87-130C-41D3-8687-1FAC877DB74A}.Release|Any CPU.ActiveCfg = Release|Any CPU
		{9B10DB87-130C-41D3-8687-1FAC877DB74A}.Release|Any CPU.Build.0 = Release|Any CPU
		{21566527-8F54-4A8D-AA68-7662C2C31FB9}.Debug|Any CPU.ActiveCfg = Debug|Any CPU
		{21566527-8F54-4A8D-AA68-7662C2C31FB9}.Debug|Any CPU.Build.0 = Debug|Any CPU
		{21566527-8F54-4A8D-AA68-7662C2C31FB9}.Release|Any CPU.ActiveCfg = Release|Any CPU
		{21566527-8F54-4A8D-AA68-7662C2C31FB9}.Release|Any CPU.Build.0 = Release|Any CPU
		{6CE11FF9-1CB7-494E-89C7-5F06BEA94211}.Debug|Any CPU.ActiveCfg = Debug|Any CPU
		{6CE11FF9-1CB7-494E-89C7-5F06BEA94211}.Debug|Any CPU.Build.0 = Debug|Any CPU
		{6CE11FF9-1CB7-494E-89C7-5F06BEA94211}.Release|Any CPU.ActiveCfg = Release|Any CPU
		{6CE11FF9-1CB7-494E-89C7-5F06BEA94211}.Release|Any CPU.Build.0 = Release|Any CPU
		{D6B8ABEA-C923-4605-99A9-B7ACA5DE4D8A}.Debug|Any CPU.ActiveCfg = Debug|Any CPU
		{D6B8ABEA-C923-4605-99A9-B7ACA5DE4D8A}.Debug|Any CPU.Build.0 = Debug|Any CPU
		{D6B8ABEA-C923-4605-99A9-B7ACA5DE4D8A}.Release|Any CPU.ActiveCfg = Release|Any CPU
		{D6B8ABEA-C923-4605-99A9-B7ACA5DE4D8A}.Release|Any CPU.Build.0 = Release|Any CPU
		{42234E7A-B484-479D-B1C1-08A08A59C935}.Debug|Any CPU.ActiveCfg = Debug|Any CPU
		{42234E7A-B484-479D-B1C1-08A08A59C935}.Debug|Any CPU.Build.0 = Debug|Any CPU
		{42234E7A-B484-479D-B1C1-08A08A59C935}.Release|Any CPU.ActiveCfg = Release|Any CPU
		{42234E7A-B484-479D-B1C1-08A08A59C935}.Release|Any CPU.Build.0 = Release|Any CPU
		{73A55239-A22D-4AC9-B412-64EA83035A18}.Debug|Any CPU.ActiveCfg = Debug|Any CPU
		{73A55239-A22D-4AC9-B412-64EA83035A18}.Debug|Any CPU.Build.0 = Debug|Any CPU
		{73A55239-A22D-4AC9-B412-64EA83035A18}.Release|Any CPU.ActiveCfg = Release|Any CPU
		{73A55239-A22D-4AC9-B412-64EA83035A18}.Release|Any CPU.Build.0 = Release|Any CPU
		{07AA2566-D0E5-47AF-A17D-3B1C6AEE598D}.Debug|Any CPU.ActiveCfg = Debug|Any CPU
		{07AA2566-D0E5-47AF-A17D-3B1C6AEE598D}.Debug|Any CPU.Build.0 = Debug|Any CPU
		{07AA2566-D0E5-47AF-A17D-3B1C6AEE598D}.Release|Any CPU.ActiveCfg = Release|Any CPU
		{07AA2566-D0E5-47AF-A17D-3B1C6AEE598D}.Release|Any CPU.Build.0 = Release|Any CPU
		{4B7DDE80-DFA1-4938-93F8-3721E2C592B9}.Debug|Any CPU.ActiveCfg = Debug|Any CPU
		{4B7DDE80-DFA1-4938-93F8-3721E2C592B9}.Debug|Any CPU.Build.0 = Debug|Any CPU
		{4B7DDE80-DFA1-4938-93F8-3721E2C592B9}.Release|Any CPU.ActiveCfg = Release|Any CPU
		{4B7DDE80-DFA1-4938-93F8-3721E2C592B9}.Release|Any CPU.Build.0 = Release|Any CPU
		{2DB6492A-3CDA-40CB-9BAB-51F00510B0C2}.Debug|Any CPU.ActiveCfg = Debug|Any CPU
		{2DB6492A-3CDA-40CB-9BAB-51F00510B0C2}.Debug|Any CPU.Build.0 = Debug|Any CPU
		{2DB6492A-3CDA-40CB-9BAB-51F00510B0C2}.Release|Any CPU.ActiveCfg = Release|Any CPU
		{2DB6492A-3CDA-40CB-9BAB-51F00510B0C2}.Release|Any CPU.Build.0 = Release|Any CPU
		{2A2611D5-0A19-4EAD-A57F-0D361DC92639}.Debug|Any CPU.ActiveCfg = Debug|Any CPU
		{2A2611D5-0A19-4EAD-A57F-0D361DC92639}.Debug|Any CPU.Build.0 = Debug|Any CPU
		{2A2611D5-0A19-4EAD-A57F-0D361DC92639}.Release|Any CPU.ActiveCfg = Release|Any CPU
		{2A2611D5-0A19-4EAD-A57F-0D361DC92639}.Release|Any CPU.Build.0 = Release|Any CPU
		{2EF55895-D7DD-42D6-8741-F8100E5C210F}.Debug|Any CPU.ActiveCfg = Debug|Any CPU
		{2EF55895-D7DD-42D6-8741-F8100E5C210F}.Debug|Any CPU.Build.0 = Debug|Any CPU
		{2EF55895-D7DD-42D6-8741-F8100E5C210F}.Release|Any CPU.ActiveCfg = Release|Any CPU
		{2EF55895-D7DD-42D6-8741-F8100E5C210F}.Release|Any CPU.Build.0 = Release|Any CPU
		{4F8B359E-B664-48C0-88D0-31C140602654}.Debug|Any CPU.ActiveCfg = Debug|Any CPU
		{4F8B359E-B664-48C0-88D0-31C140602654}.Debug|Any CPU.Build.0 = Debug|Any CPU
		{4F8B359E-B664-48C0-88D0-31C140602654}.Release|Any CPU.ActiveCfg = Release|Any CPU
		{4F8B359E-B664-48C0-88D0-31C140602654}.Release|Any CPU.Build.0 = Release|Any CPU
		{93F81DF7-5A0B-4A13-A90E-8CF7C41955C3}.Debug|Any CPU.ActiveCfg = Debug|Any CPU
		{93F81DF7-5A0B-4A13-A90E-8CF7C41955C3}.Debug|Any CPU.Build.0 = Debug|Any CPU
		{93F81DF7-5A0B-4A13-A90E-8CF7C41955C3}.Release|Any CPU.ActiveCfg = Release|Any CPU
		{93F81DF7-5A0B-4A13-A90E-8CF7C41955C3}.Release|Any CPU.Build.0 = Release|Any CPU
		{A610B831-7B6A-4E53-8C5D-9B3F0707E349}.Debug|Any CPU.ActiveCfg = Debug|Any CPU
		{A610B831-7B6A-4E53-8C5D-9B3F0707E349}.Debug|Any CPU.Build.0 = Debug|Any CPU
		{A610B831-7B6A-4E53-8C5D-9B3F0707E349}.Release|Any CPU.ActiveCfg = Release|Any CPU
		{A610B831-7B6A-4E53-8C5D-9B3F0707E349}.Release|Any CPU.Build.0 = Release|Any CPU
		{5AF4997C-4395-48AF-990C-932259111DFF}.Debug|Any CPU.ActiveCfg = Debug|Any CPU
		{5AF4997C-4395-48AF-990C-932259111DFF}.Debug|Any CPU.Build.0 = Debug|Any CPU
		{5AF4997C-4395-48AF-990C-932259111DFF}.Release|Any CPU.ActiveCfg = Release|Any CPU
		{5AF4997C-4395-48AF-990C-932259111DFF}.Release|Any CPU.Build.0 = Release|Any CPU
		{51E69AE3-A885-4A84-B71C-801A413C5F1C}.Debug|Any CPU.ActiveCfg = Debug|Any CPU
		{51E69AE3-A885-4A84-B71C-801A413C5F1C}.Debug|Any CPU.Build.0 = Debug|Any CPU
		{51E69AE3-A885-4A84-B71C-801A413C5F1C}.Release|Any CPU.ActiveCfg = Release|Any CPU
		{51E69AE3-A885-4A84-B71C-801A413C5F1C}.Release|Any CPU.Build.0 = Release|Any CPU
		{C10920FE-8C74-4993-A7F4-1DA189DA842C}.Debug|Any CPU.ActiveCfg = Debug|Any CPU
		{C10920FE-8C74-4993-A7F4-1DA189DA842C}.Debug|Any CPU.Build.0 = Debug|Any CPU
		{C10920FE-8C74-4993-A7F4-1DA189DA842C}.Release|Any CPU.ActiveCfg = Release|Any CPU
		{C10920FE-8C74-4993-A7F4-1DA189DA842C}.Release|Any CPU.Build.0 = Release|Any CPU
		{A68CDD21-2E12-4B11-95DB-D0A0FCED48B1}.Debug|Any CPU.ActiveCfg = Debug|Any CPU
		{A68CDD21-2E12-4B11-95DB-D0A0FCED48B1}.Debug|Any CPU.Build.0 = Debug|Any CPU
		{A68CDD21-2E12-4B11-95DB-D0A0FCED48B1}.Release|Any CPU.ActiveCfg = Release|Any CPU
		{A68CDD21-2E12-4B11-95DB-D0A0FCED48B1}.Release|Any CPU.Build.0 = Release|Any CPU
		{B1565111-EBB0-4CD6-B30B-3F5C935B28B1}.Debug|Any CPU.ActiveCfg = Debug|Any CPU
		{B1565111-EBB0-4CD6-B30B-3F5C935B28B1}.Debug|Any CPU.Build.0 = Debug|Any CPU
		{B1565111-EBB0-4CD6-B30B-3F5C935B28B1}.Release|Any CPU.ActiveCfg = Release|Any CPU
		{B1565111-EBB0-4CD6-B30B-3F5C935B28B1}.Release|Any CPU.Build.0 = Release|Any CPU
		{256970D1-CB06-4A0E-B62A-404BE86DCF7C}.Debug|Any CPU.ActiveCfg = Debug|Any CPU
		{256970D1-CB06-4A0E-B62A-404BE86DCF7C}.Debug|Any CPU.Build.0 = Debug|Any CPU
		{256970D1-CB06-4A0E-B62A-404BE86DCF7C}.Release|Any CPU.ActiveCfg = Release|Any CPU
		{256970D1-CB06-4A0E-B62A-404BE86DCF7C}.Release|Any CPU.Build.0 = Release|Any CPU
		{656D5DA4-5F91-43B4-805E-F0D5948585AB}.Debug|Any CPU.ActiveCfg = Debug|Any CPU
		{656D5DA4-5F91-43B4-805E-F0D5948585AB}.Debug|Any CPU.Build.0 = Debug|Any CPU
		{656D5DA4-5F91-43B4-805E-F0D5948585AB}.Release|Any CPU.ActiveCfg = Release|Any CPU
		{656D5DA4-5F91-43B4-805E-F0D5948585AB}.Release|Any CPU.Build.0 = Release|Any CPU
		{3256D81B-82B6-4EAF-B4CF-01657C246DFE}.Debug|Any CPU.ActiveCfg = Debug|Any CPU
		{3256D81B-82B6-4EAF-B4CF-01657C246DFE}.Debug|Any CPU.Build.0 = Debug|Any CPU
		{3256D81B-82B6-4EAF-B4CF-01657C246DFE}.Release|Any CPU.ActiveCfg = Release|Any CPU
		{3256D81B-82B6-4EAF-B4CF-01657C246DFE}.Release|Any CPU.Build.0 = Release|Any CPU
		{4BD52814-96DD-4294-80A1-128222EAD095}.Debug|Any CPU.ActiveCfg = Debug|Any CPU
		{4BD52814-96DD-4294-80A1-128222EAD095}.Debug|Any CPU.Build.0 = Debug|Any CPU
		{4BD52814-96DD-4294-80A1-128222EAD095}.Release|Any CPU.ActiveCfg = Release|Any CPU
		{4BD52814-96DD-4294-80A1-128222EAD095}.Release|Any CPU.Build.0 = Release|Any CPU
		{5221DD3D-D5FA-42B6-8932-87C9F3060FFE}.Debug|Any CPU.ActiveCfg = Debug|Any CPU
		{5221DD3D-D5FA-42B6-8932-87C9F3060FFE}.Debug|Any CPU.Build.0 = Debug|Any CPU
		{5221DD3D-D5FA-42B6-8932-87C9F3060FFE}.Release|Any CPU.ActiveCfg = Release|Any CPU
		{5221DD3D-D5FA-42B6-8932-87C9F3060FFE}.Release|Any CPU.Build.0 = Release|Any CPU
		{CB80A5FD-CEFC-43F6-8246-A51A2EE2C64B}.Debug|Any CPU.ActiveCfg = Debug|Any CPU
		{CB80A5FD-CEFC-43F6-8246-A51A2EE2C64B}.Debug|Any CPU.Build.0 = Debug|Any CPU
		{CB80A5FD-CEFC-43F6-8246-A51A2EE2C64B}.Release|Any CPU.ActiveCfg = Release|Any CPU
		{CB80A5FD-CEFC-43F6-8246-A51A2EE2C64B}.Release|Any CPU.Build.0 = Release|Any CPU
		{42DB245B-EB7B-4BB6-90E6-DE91315F77F7}.Debug|Any CPU.ActiveCfg = Debug|Any CPU
		{42DB245B-EB7B-4BB6-90E6-DE91315F77F7}.Debug|Any CPU.Build.0 = Debug|Any CPU
		{42DB245B-EB7B-4BB6-90E6-DE91315F77F7}.Release|Any CPU.ActiveCfg = Release|Any CPU
		{42DB245B-EB7B-4BB6-90E6-DE91315F77F7}.Release|Any CPU.Build.0 = Release|Any CPU
		{EF6A4F54-0131-48E7-81C4-B6D99D1313CD}.Debug|Any CPU.ActiveCfg = Debug|Any CPU
		{EF6A4F54-0131-48E7-81C4-B6D99D1313CD}.Debug|Any CPU.Build.0 = Debug|Any CPU
		{EF6A4F54-0131-48E7-81C4-B6D99D1313CD}.Release|Any CPU.ActiveCfg = Release|Any CPU
		{EF6A4F54-0131-48E7-81C4-B6D99D1313CD}.Release|Any CPU.Build.0 = Release|Any CPU
		{7DC3B78A-3749-4E6C-955F-458966A2B246}.Debug|Any CPU.ActiveCfg = Debug|Any CPU
		{7DC3B78A-3749-4E6C-955F-458966A2B246}.Debug|Any CPU.Build.0 = Debug|Any CPU
		{7DC3B78A-3749-4E6C-955F-458966A2B246}.Release|Any CPU.ActiveCfg = Release|Any CPU
		{7DC3B78A-3749-4E6C-955F-458966A2B246}.Release|Any CPU.Build.0 = Release|Any CPU
		{0404B662-9130-473B-B472-2BCCB4D9A93A}.Debug|Any CPU.ActiveCfg = Debug|Any CPU
		{0404B662-9130-473B-B472-2BCCB4D9A93A}.Debug|Any CPU.Build.0 = Debug|Any CPU
		{0404B662-9130-473B-B472-2BCCB4D9A93A}.Release|Any CPU.ActiveCfg = Release|Any CPU
		{0404B662-9130-473B-B472-2BCCB4D9A93A}.Release|Any CPU.Build.0 = Release|Any CPU
		{DB7E1A90-D99E-483F-8D19-BD90746EB8C4}.Debug|Any CPU.ActiveCfg = Debug|Any CPU
		{DB7E1A90-D99E-483F-8D19-BD90746EB8C4}.Debug|Any CPU.Build.0 = Debug|Any CPU
		{DB7E1A90-D99E-483F-8D19-BD90746EB8C4}.Release|Any CPU.ActiveCfg = Release|Any CPU
		{DB7E1A90-D99E-483F-8D19-BD90746EB8C4}.Release|Any CPU.Build.0 = Release|Any CPU
		{B44759BA-5AC5-4CCD-A221-5A0110B36070}.Debug|Any CPU.ActiveCfg = Debug|Any CPU
		{B44759BA-5AC5-4CCD-A221-5A0110B36070}.Debug|Any CPU.Build.0 = Debug|Any CPU
		{B44759BA-5AC5-4CCD-A221-5A0110B36070}.Release|Any CPU.ActiveCfg = Release|Any CPU
		{B44759BA-5AC5-4CCD-A221-5A0110B36070}.Release|Any CPU.Build.0 = Release|Any CPU
		{E3C4CB8A-DFD1-4951-86D6-E001A7B72186}.Debug|Any CPU.ActiveCfg = Debug|Any CPU
		{E3C4CB8A-DFD1-4951-86D6-E001A7B72186}.Debug|Any CPU.Build.0 = Debug|Any CPU
		{E3C4CB8A-DFD1-4951-86D6-E001A7B72186}.Release|Any CPU.ActiveCfg = Release|Any CPU
		{E3C4CB8A-DFD1-4951-86D6-E001A7B72186}.Release|Any CPU.Build.0 = Release|Any CPU
		{BB63A472-FA78-42A0-BDD3-64BCBB52EE30}.Debug|Any CPU.ActiveCfg = Debug|Any CPU
		{BB63A472-FA78-42A0-BDD3-64BCBB52EE30}.Debug|Any CPU.Build.0 = Debug|Any CPU
		{BB63A472-FA78-42A0-BDD3-64BCBB52EE30}.Release|Any CPU.ActiveCfg = Release|Any CPU
		{BB63A472-FA78-42A0-BDD3-64BCBB52EE30}.Release|Any CPU.Build.0 = Release|Any CPU
		{7F9F5247-5FB9-4A45-8B7E-C3830895365A}.Debug|Any CPU.ActiveCfg = Debug|Any CPU
		{7F9F5247-5FB9-4A45-8B7E-C3830895365A}.Debug|Any CPU.Build.0 = Debug|Any CPU
		{7F9F5247-5FB9-4A45-8B7E-C3830895365A}.Release|Any CPU.ActiveCfg = Release|Any CPU
		{7F9F5247-5FB9-4A45-8B7E-C3830895365A}.Release|Any CPU.Build.0 = Release|Any CPU
		{528F308B-D2CD-4BD1-A94F-BF94ABEF08D7}.Debug|Any CPU.ActiveCfg = Debug|Any CPU
		{528F308B-D2CD-4BD1-A94F-BF94ABEF08D7}.Debug|Any CPU.Build.0 = Debug|Any CPU
		{528F308B-D2CD-4BD1-A94F-BF94ABEF08D7}.Release|Any CPU.ActiveCfg = Release|Any CPU
		{528F308B-D2CD-4BD1-A94F-BF94ABEF08D7}.Release|Any CPU.Build.0 = Release|Any CPU
		{F4E0FD13-CCD7-425E-AF02-FA270C283447}.Debug|Any CPU.ActiveCfg = Debug|Any CPU
		{F4E0FD13-CCD7-425E-AF02-FA270C283447}.Debug|Any CPU.Build.0 = Debug|Any CPU
		{F4E0FD13-CCD7-425E-AF02-FA270C283447}.Release|Any CPU.ActiveCfg = Release|Any CPU
		{F4E0FD13-CCD7-425E-AF02-FA270C283447}.Release|Any CPU.Build.0 = Release|Any CPU
		{7C84F157-09B6-42D8-85F2-04AF1F31A046}.Debug|Any CPU.ActiveCfg = Debug|Any CPU
		{7C84F157-09B6-42D8-85F2-04AF1F31A046}.Debug|Any CPU.Build.0 = Debug|Any CPU
		{7C84F157-09B6-42D8-85F2-04AF1F31A046}.Release|Any CPU.ActiveCfg = Release|Any CPU
		{7C84F157-09B6-42D8-85F2-04AF1F31A046}.Release|Any CPU.Build.0 = Release|Any CPU
		{1751A2DD-0F00-4C76-B180-97E8F72FE078}.Debug|Any CPU.ActiveCfg = Debug|Any CPU
		{1751A2DD-0F00-4C76-B180-97E8F72FE078}.Debug|Any CPU.Build.0 = Debug|Any CPU
		{1751A2DD-0F00-4C76-B180-97E8F72FE078}.Release|Any CPU.ActiveCfg = Release|Any CPU
		{1751A2DD-0F00-4C76-B180-97E8F72FE078}.Release|Any CPU.Build.0 = Release|Any CPU
		{4CC0A37F-26EB-417C-9341-D26FE595E791}.Debug|Any CPU.ActiveCfg = Debug|Any CPU
		{4CC0A37F-26EB-417C-9341-D26FE595E791}.Debug|Any CPU.Build.0 = Debug|Any CPU
		{4CC0A37F-26EB-417C-9341-D26FE595E791}.Release|Any CPU.ActiveCfg = Release|Any CPU
		{4CC0A37F-26EB-417C-9341-D26FE595E791}.Release|Any CPU.Build.0 = Release|Any CPU
		{235A2DBD-966A-4676-AF37-F8EC3876A361}.Debug|Any CPU.ActiveCfg = Debug|Any CPU
		{235A2DBD-966A-4676-AF37-F8EC3876A361}.Debug|Any CPU.Build.0 = Debug|Any CPU
		{235A2DBD-966A-4676-AF37-F8EC3876A361}.Release|Any CPU.ActiveCfg = Release|Any CPU
		{235A2DBD-966A-4676-AF37-F8EC3876A361}.Release|Any CPU.Build.0 = Release|Any CPU
		{A29D7012-6C11-4656-842A-60F5D4B97876}.Debug|Any CPU.ActiveCfg = Debug|Any CPU
		{A29D7012-6C11-4656-842A-60F5D4B97876}.Debug|Any CPU.Build.0 = Debug|Any CPU
		{A29D7012-6C11-4656-842A-60F5D4B97876}.Release|Any CPU.ActiveCfg = Release|Any CPU
		{A29D7012-6C11-4656-842A-60F5D4B97876}.Release|Any CPU.Build.0 = Release|Any CPU
	EndGlobalSection
	GlobalSection(SolutionProperties) = preSolution
		HideSolutionNode = FALSE
	EndGlobalSection
	GlobalSection(NestedProjects) = preSolution
		{BBB63BC5-EBF2-4ED2-8804-7187223C3DF5} = {C6B09613-CC72-4D16-8056-1FD68ED86BF3}
		{5C21750D-4143-4749-9489-F739765F542D} = {C6B09613-CC72-4D16-8056-1FD68ED86BF3}
		{1B8156EC-FC04-48C0-9904-8782705A2175} = {656B47C1-3922-4F0B-820E-00BA9BDB33B1}
		{7A9CC7E1-9219-4F06-86E8-8A1942D9BB56} = {656B47C1-3922-4F0B-820E-00BA9BDB33B1}
		{AAA06081-80F7-4A1B-9867-8869397B47F4} = {C6B09613-CC72-4D16-8056-1FD68ED86BF3}
		{6FAADC1C-DB04-4F65-9856-D989FC3B46C5} = {AAA06081-80F7-4A1B-9867-8869397B47F4}
		{EE57FF2E-C1A6-432C-BFD6-BFE10D17F735} = {43E72B13-75A9-49A8-8D6B-56EB87F56DC8}
		{1D8FC20B-427E-4D5F-813B-D3FF2D89A96C} = {29DFF52B-8455-4EA1-8798-3AEE210D9372}
		{9B10DB87-130C-41D3-8687-1FAC877DB74A} = {29DFF52B-8455-4EA1-8798-3AEE210D9372}
		{21566527-8F54-4A8D-AA68-7662C2C31FB9} = {656B47C1-3922-4F0B-820E-00BA9BDB33B1}
		{6CE11FF9-1CB7-494E-89C7-5F06BEA94211} = {656B47C1-3922-4F0B-820E-00BA9BDB33B1}
		{D6B8ABEA-C923-4605-99A9-B7ACA5DE4D8A} = {656B47C1-3922-4F0B-820E-00BA9BDB33B1}
		{42234E7A-B484-479D-B1C1-08A08A59C935} = {1B8156EC-FC04-48C0-9904-8782705A2175}
		{73A55239-A22D-4AC9-B412-64EA83035A18} = {7A9CC7E1-9219-4F06-86E8-8A1942D9BB56}
		{07AA2566-D0E5-47AF-A17D-3B1C6AEE598D} = {5C21750D-4143-4749-9489-F739765F542D}
		{4B7DDE80-DFA1-4938-93F8-3721E2C592B9} = {5C21750D-4143-4749-9489-F739765F542D}
		{2DB6492A-3CDA-40CB-9BAB-51F00510B0C2} = {5C21750D-4143-4749-9489-F739765F542D}
		{2A2611D5-0A19-4EAD-A57F-0D361DC92639} = {5C21750D-4143-4749-9489-F739765F542D}
		{2EF55895-D7DD-42D6-8741-F8100E5C210F} = {5C21750D-4143-4749-9489-F739765F542D}
		{4F8B359E-B664-48C0-88D0-31C140602654} = {5C21750D-4143-4749-9489-F739765F542D}
		{93F81DF7-5A0B-4A13-A90E-8CF7C41955C3} = {5C21750D-4143-4749-9489-F739765F542D}
		{A610B831-7B6A-4E53-8C5D-9B3F0707E349} = {5C21750D-4143-4749-9489-F739765F542D}
		{5AF4997C-4395-48AF-990C-932259111DFF} = {BBB63BC5-EBF2-4ED2-8804-7187223C3DF5}
		{51E69AE3-A885-4A84-B71C-801A413C5F1C} = {BBB63BC5-EBF2-4ED2-8804-7187223C3DF5}
		{C10920FE-8C74-4993-A7F4-1DA189DA842C} = {1B8156EC-FC04-48C0-9904-8782705A2175}
		{A68CDD21-2E12-4B11-95DB-D0A0FCED48B1} = {BBB63BC5-EBF2-4ED2-8804-7187223C3DF5}
		{B1565111-EBB0-4CD6-B30B-3F5C935B28B1} = {43E72B13-75A9-49A8-8D6B-56EB87F56DC8}
		{BEE54728-D969-47E0-A687-EF82022AE060} = {656B47C1-3922-4F0B-820E-00BA9BDB33B1}
		{256970D1-CB06-4A0E-B62A-404BE86DCF7C} = {C1F8338C-AC20-49E3-975E-E310269043B8}
		{656D5DA4-5F91-43B4-805E-F0D5948585AB} = {BEE54728-D969-47E0-A687-EF82022AE060}
		{3256D81B-82B6-4EAF-B4CF-01657C246DFE} = {BEE54728-D969-47E0-A687-EF82022AE060}
		{4BD52814-96DD-4294-80A1-128222EAD095} = {BEE54728-D969-47E0-A687-EF82022AE060}
		{5221DD3D-D5FA-42B6-8932-87C9F3060FFE} = {6E855A29-64AB-4608-AE78-5B5BEB2672D1}
		{CB80A5FD-CEFC-43F6-8246-A51A2EE2C64B} = {6E855A29-64AB-4608-AE78-5B5BEB2672D1}
		{42DB245B-EB7B-4BB6-90E6-DE91315F77F7} = {6E855A29-64AB-4608-AE78-5B5BEB2672D1}
		{EF6A4F54-0131-48E7-81C4-B6D99D1313CD} = {6E855A29-64AB-4608-AE78-5B5BEB2672D1}
		{7DC3B78A-3749-4E6C-955F-458966A2B246} = {6E855A29-64AB-4608-AE78-5B5BEB2672D1}
		{0404B662-9130-473B-B472-2BCCB4D9A93A} = {4E8F7E8A-DE36-4143-8BF3-9109F377B78D}
		{DB7E1A90-D99E-483F-8D19-BD90746EB8C4} = {C1F8338C-AC20-49E3-975E-E310269043B8}
		{B44759BA-5AC5-4CCD-A221-5A0110B36070} = {C1F8338C-AC20-49E3-975E-E310269043B8}
		{1217447C-22DB-46E2-AF0E-B6A5E833B1ED} = {656B47C1-3922-4F0B-820E-00BA9BDB33B1}
		{E3C4CB8A-DFD1-4951-86D6-E001A7B72186} = {1217447C-22DB-46E2-AF0E-B6A5E833B1ED}
		{BB63A472-FA78-42A0-BDD3-64BCBB52EE30} = {1217447C-22DB-46E2-AF0E-B6A5E833B1ED}
		{7F9F5247-5FB9-4A45-8B7E-C3830895365A} = {1217447C-22DB-46E2-AF0E-B6A5E833B1ED}
		{4E8F7E8A-DE36-4143-8BF3-9109F377B78D} = {C6B09613-CC72-4D16-8056-1FD68ED86BF3}
		{528F308B-D2CD-4BD1-A94F-BF94ABEF08D7} = {4E8F7E8A-DE36-4143-8BF3-9109F377B78D}
		{F4E0FD13-CCD7-425E-AF02-FA270C283447} = {4E8F7E8A-DE36-4143-8BF3-9109F377B78D}
		{7C84F157-09B6-42D8-85F2-04AF1F31A046} = {4E8F7E8A-DE36-4143-8BF3-9109F377B78D}
		{1751A2DD-0F00-4C76-B180-97E8F72FE078} = {4E8F7E8A-DE36-4143-8BF3-9109F377B78D}
		{0D1B0807-DE33-401E-BADC-03F37613E544} = {656B47C1-3922-4F0B-820E-00BA9BDB33B1}
		{4CC0A37F-26EB-417C-9341-D26FE595E791} = {0D1B0807-DE33-401E-BADC-03F37613E544}
		{235A2DBD-966A-4676-AF37-F8EC3876A361} = {0D1B0807-DE33-401E-BADC-03F37613E544}
		{A29D7012-6C11-4656-842A-60F5D4B97876} = {0D1B0807-DE33-401E-BADC-03F37613E544}
	EndGlobalSection
	GlobalSection(ExtensibilityGlobals) = postSolution
		EnterpriseLibraryConfigurationToolBinariesPath = packages\Unity.2.1.505.0\lib\NET35
		SolutionGuid = {AC3BB2B2-4311-4642-904B-471B481D07D5}
	EndGlobalSection
EndGlobal
